
Microsoft Visual Studio Solution File, Format Version 12.00
# Visual Studio Version 16
VisualStudioVersion = 25.0.1703.1
MinimumVisualStudioVersion = 10.0.40219.1
Project("{FAE04EC0-301F-11D3-BF4B-00C04F79EFBC}") = "Lab0", "Lab0\Lab0.csproj", "{F8610971-12E4-4D55-AF00-34E0FC0C92ED}"
EndProject
Project("{FAE04EC0-301F-11D3-BF4B-00C04F79EFBC}") = "Lab1", "Lab1\Lab1.csproj", "{F37564A1-4963-43B1-8F87-2326C6CDA57D}"
EndProject
Project("{FAE04EC0-301F-11D3-BF4B-00C04F79EFBC}") = "Lab2", "Lab2\Lab2.csproj", "{75EA3E3C-2D6A-439A-9B80-90E795251A58}"
EndProject
Project("{FAE04EC0-301F-11D3-BF4B-00C04F79EFBC}") = "GameEngine", "GameEngine\GameEngine.csproj", "{468DD5D5-7D03-467A-A823-BF8D3C94FD5F}"
EndProject
Project("{FAE04EC0-301F-11D3-BF4B-00C04F79EFBC}") = "Lab3", "Lab3\Lab3.csproj", "{07293A0A-E275-4B23-B84A-C8F21CDE67BB}"
EndProject
Project("{FAE04EC0-301F-11D3-BF4B-00C04F79EFBC}") = "Lab4", "Lab4\Lab4.csproj", "{AEB6CB26-4733-4BBB-9FC1-FC17B313F80B}"
EndProject
Project("{FAE04EC0-301F-11D3-BF4B-00C04F79EFBC}") = "Assignment1", "Assignment1\Assignment1.csproj", "{B97A007C-C8EA-4749-9FA7-CD05626CE3F0}"
EndProject
Project("{FAE04EC0-301F-11D3-BF4B-00C04F79EFBC}") = "Lab5", "Lab5\Lab5.csproj", "{5E4FE435-2A9E-49A1-B114-2333D6D4456A}"
EndProject
Global
	GlobalSection(SolutionConfigurationPlatforms) = preSolution
		Debug|Any CPU = Debug|Any CPU
		Release|Any CPU = Release|Any CPU
	EndGlobalSection
	GlobalSection(ProjectConfigurationPlatforms) = postSolution
		{F8610971-12E4-4D55-AF00-34E0FC0C92ED}.Debug|Any CPU.ActiveCfg = Debug|Any CPU
		{F8610971-12E4-4D55-AF00-34E0FC0C92ED}.Debug|Any CPU.Build.0 = Debug|Any CPU
		{F8610971-12E4-4D55-AF00-34E0FC0C92ED}.Release|Any CPU.ActiveCfg = Release|Any CPU
		{F8610971-12E4-4D55-AF00-34E0FC0C92ED}.Release|Any CPU.Build.0 = Release|Any CPU
		{F37564A1-4963-43B1-8F87-2326C6CDA57D}.Debug|Any CPU.ActiveCfg = Debug|Any CPU
		{F37564A1-4963-43B1-8F87-2326C6CDA57D}.Debug|Any CPU.Build.0 = Debug|Any CPU
		{F37564A1-4963-43B1-8F87-2326C6CDA57D}.Release|Any CPU.ActiveCfg = Release|Any CPU
		{F37564A1-4963-43B1-8F87-2326C6CDA57D}.Release|Any CPU.Build.0 = Release|Any CPU
		{75EA3E3C-2D6A-439A-9B80-90E795251A58}.Debug|Any CPU.ActiveCfg = Debug|Any CPU
		{75EA3E3C-2D6A-439A-9B80-90E795251A58}.Debug|Any CPU.Build.0 = Debug|Any CPU
		{75EA3E3C-2D6A-439A-9B80-90E795251A58}.Release|Any CPU.ActiveCfg = Release|Any CPU
		{75EA3E3C-2D6A-439A-9B80-90E795251A58}.Release|Any CPU.Build.0 = Release|Any CPU
		{468DD5D5-7D03-467A-A823-BF8D3C94FD5F}.Debug|Any CPU.ActiveCfg = Debug|Any CPU
		{468DD5D5-7D03-467A-A823-BF8D3C94FD5F}.Debug|Any CPU.Build.0 = Debug|Any CPU
		{468DD5D5-7D03-467A-A823-BF8D3C94FD5F}.Release|Any CPU.ActiveCfg = Release|Any CPU
		{468DD5D5-7D03-467A-A823-BF8D3C94FD5F}.Release|Any CPU.Build.0 = Release|Any CPU
		{07293A0A-E275-4B23-B84A-C8F21CDE67BB}.Debug|Any CPU.ActiveCfg = Debug|Any CPU
		{07293A0A-E275-4B23-B84A-C8F21CDE67BB}.Debug|Any CPU.Build.0 = Debug|Any CPU
		{07293A0A-E275-4B23-B84A-C8F21CDE67BB}.Release|Any CPU.ActiveCfg = Release|Any CPU
		{07293A0A-E275-4B23-B84A-C8F21CDE67BB}.Release|Any CPU.Build.0 = Release|Any CPU
		{AEB6CB26-4733-4BBB-9FC1-FC17B313F80B}.Debug|Any CPU.ActiveCfg = Debug|Any CPU
		{AEB6CB26-4733-4BBB-9FC1-FC17B313F80B}.Debug|Any CPU.Build.0 = Debug|Any CPU
		{AEB6CB26-4733-4BBB-9FC1-FC17B313F80B}.Release|Any CPU.ActiveCfg = Release|Any CPU
		{AEB6CB26-4733-4BBB-9FC1-FC17B313F80B}.Release|Any CPU.Build.0 = Release|Any CPU
		{B97A007C-C8EA-4749-9FA7-CD05626CE3F0}.Debug|Any CPU.ActiveCfg = Debug|Any CPU
		{B97A007C-C8EA-4749-9FA7-CD05626CE3F0}.Debug|Any CPU.Build.0 = Debug|Any CPU
		{B97A007C-C8EA-4749-9FA7-CD05626CE3F0}.Release|Any CPU.ActiveCfg = Release|Any CPU
		{B97A007C-C8EA-4749-9FA7-CD05626CE3F0}.Release|Any CPU.Build.0 = Release|Any CPU
		{5E4FE435-2A9E-49A1-B114-2333D6D4456A}.Debug|Any CPU.ActiveCfg = Debug|Any CPU
		{5E4FE435-2A9E-49A1-B114-2333D6D4456A}.Debug|Any CPU.Build.0 = Debug|Any CPU
		{5E4FE435-2A9E-49A1-B114-2333D6D4456A}.Release|Any CPU.ActiveCfg = Release|Any CPU
		{5E4FE435-2A9E-49A1-B114-2333D6D4456A}.Release|Any CPU.Build.0 = Release|Any CPU
	EndGlobalSection
	GlobalSection(SolutionProperties) = preSolution
		HideSolutionNode = FALSE
	EndGlobalSection
	GlobalSection(ExtensibilityGlobals) = postSolution
		SolutionGuid = {BDB45D5A-DEC5-4085-9A06-C974837FA157}
	EndGlobalSection
EndGlobal
