
Microsoft Visual Studio Solution File, Format Version 12.00
# Visual Studio Version 16
VisualStudioVersion = 25.0.1703.1
MinimumVisualStudioVersion = 10.0.40219.1
Project("{FAE04EC0-301F-11D3-BF4B-00C04F79EFBC}") = "Lab0", "Lab0\Lab0.csproj", "{F8610971-12E4-4D55-AF00-34E0FC0C92ED}"
EndProject
Project("{FAE04EC0-301F-11D3-BF4B-00C04F79EFBC}") = "Lab1", "Lab1\Lab1.csproj", "{F37564A1-4963-43B1-8F87-2326C6CDA57D}"
EndProject
Global
	GlobalSection(SolutionConfigurationPlatforms) = preSolution
		Debug|Any CPU = Debug|Any CPU
		Release|Any CPU = Release|Any CPU
	EndGlobalSection
	GlobalSection(ProjectConfigurationPlatforms) = postSolution
		{F8610971-12E4-4D55-AF00-34E0FC0C92ED}.Debug|Any CPU.ActiveCfg = Debug|Any CPU
		{F8610971-12E4-4D55-AF00-34E0FC0C92ED}.Debug|Any CPU.Build.0 = Debug|Any CPU
		{F8610971-12E4-4D55-AF00-34E0FC0C92ED}.Release|Any CPU.ActiveCfg = Release|Any CPU
		{F8610971-12E4-4D55-AF00-34E0FC0C92ED}.Release|Any CPU.Build.0 = Release|Any CPU
		{F37564A1-4963-43B1-8F87-2326C6CDA57D}.Debug|Any CPU.ActiveCfg = Debug|Any CPU
		{F37564A1-4963-43B1-8F87-2326C6CDA57D}.Debug|Any CPU.Build.0 = Debug|Any CPU
		{F37564A1-4963-43B1-8F87-2326C6CDA57D}.Release|Any CPU.ActiveCfg = Release|Any CPU
		{F37564A1-4963-43B1-8F87-2326C6CDA57D}.Release|Any CPU.Build.0 = Release|Any CPU
	EndGlobalSection
	GlobalSection(SolutionProperties) = preSolution
		HideSolutionNode = FALSE
	EndGlobalSection
	GlobalSection(ExtensibilityGlobals) = postSolution
		SolutionGuid = {BDB45D5A-DEC5-4085-9A06-C974837FA157}
	EndGlobalSection
EndGlobal
